
Microsoft Visual Studio Solution File, Format Version 12.00
# Visual Studio Version 17
VisualStudioVersion = 17.9.34723.18
MinimumVisualStudioVersion = 10.0.40219.1
Project("{FAE04EC0-301F-11D3-BF4B-00C04F79EFBC}") = "ContactsWindowsForms", "ContactsWindowsForms.csproj", "{7303D0C6-AAA5-4C87-A32D-88AD9EB9CE8C}"
EndProject
Project("{FAE04EC0-301F-11D3-BF4B-00C04F79EFBC}") = "ContactsDataAccessLayer", "..\ContactsDataAccessLayer\ContactsDataAccessLayer.csproj", "{974442C4-487F-4D60-969A-896C41F6DDE6}"
EndProject
Project("{FAE04EC0-301F-11D3-BF4B-00C04F79EFBC}") = "ContactsBusinessLayer", "..\ContactsBusinessLayer\ContactsBusinessLayer.csproj", "{FF33D0B9-FFDB-4B76-BC92-3B631B913090}"
EndProject
Global
	GlobalSection(SolutionConfigurationPlatforms) = preSolution
		Debug|Any CPU = Debug|Any CPU
		Release|Any CPU = Release|Any CPU
	EndGlobalSection
	GlobalSection(ProjectConfigurationPlatforms) = postSolution
		{7303D0C6-AAA5-4C87-A32D-88AD9EB9CE8C}.Debug|Any CPU.ActiveCfg = Debug|Any CPU
		{7303D0C6-AAA5-4C87-A32D-88AD9EB9CE8C}.Debug|Any CPU.Build.0 = Debug|Any CPU
		{7303D0C6-AAA5-4C87-A32D-88AD9EB9CE8C}.Release|Any CPU.ActiveCfg = Release|Any CPU
		{7303D0C6-AAA5-4C87-A32D-88AD9EB9CE8C}.Release|Any CPU.Build.0 = Release|Any CPU
		{974442C4-487F-4D60-969A-896C41F6DDE6}.Debug|Any CPU.ActiveCfg = Debug|Any CPU
		{974442C4-487F-4D60-969A-896C41F6DDE6}.Debug|Any CPU.Build.0 = Debug|Any CPU
		{974442C4-487F-4D60-969A-896C41F6DDE6}.Release|Any CPU.ActiveCfg = Release|Any CPU
		{974442C4-487F-4D60-969A-896C41F6DDE6}.Release|Any CPU.Build.0 = Release|Any CPU
		{FF33D0B9-FFDB-4B76-BC92-3B631B913090}.Debug|Any CPU.ActiveCfg = Debug|Any CPU
		{FF33D0B9-FFDB-4B76-BC92-3B631B913090}.Debug|Any CPU.Build.0 = Debug|Any CPU
		{FF33D0B9-FFDB-4B76-BC92-3B631B913090}.Release|Any CPU.ActiveCfg = Release|Any CPU
		{FF33D0B9-FFDB-4B76-BC92-3B631B913090}.Release|Any CPU.Build.0 = Release|Any CPU
	EndGlobalSection
	GlobalSection(SolutionProperties) = preSolution
		HideSolutionNode = FALSE
	EndGlobalSection
	GlobalSection(ExtensibilityGlobals) = postSolution
		SolutionGuid = {54B00A44-16E3-4341-A06E-D5D2A77B45D2}
	EndGlobalSection
EndGlobal
